
Microsoft Visual Studio Solution File, Format Version 12.00
# Visual Studio Version 17
VisualStudioVersion = 17.7.34031.279
MinimumVisualStudioVersion = 10.0.40219.1
Project("{8BC9CEB8-8B4A-11D0-8D11-00A0C91BC942}") = "HomeWork28", "HomeWork28\HomeWork28.vcxproj", "{2DCC7458-AB04-4548-A230-7D3230D32BA6}"
EndProject
Global
	GlobalSection(SolutionConfigurationPlatforms) = preSolution
		Debug|x64 = Debug|x64
		Debug|x86 = Debug|x86
		Release|x64 = Release|x64
		Release|x86 = Release|x86
	EndGlobalSection
	GlobalSection(ProjectConfigurationPlatforms) = postSolution
		{2DCC7458-AB04-4548-A230-7D3230D32BA6}.Debug|x64.ActiveCfg = Debug|x64
		{2DCC7458-AB04-4548-A230-7D3230D32BA6}.Debug|x64.Build.0 = Debug|x64
		{2DCC7458-AB04-4548-A230-7D3230D32BA6}.Debug|x86.ActiveCfg = Debug|Win32
		{2DCC7458-AB04-4548-A230-7D3230D32BA6}.Debug|x86.Build.0 = Debug|Win32
		{2DCC7458-AB04-4548-A230-7D3230D32BA6}.Release|x64.ActiveCfg = Release|x64
		{2DCC7458-AB04-4548-A230-7D3230D32BA6}.Release|x64.Build.0 = Release|x64
		{2DCC7458-AB04-4548-A230-7D3230D32BA6}.Release|x86.ActiveCfg = Release|Win32
		{2DCC7458-AB04-4548-A230-7D3230D32BA6}.Release|x86.Build.0 = Release|Win32
	EndGlobalSection
	GlobalSection(SolutionProperties) = preSolution
		HideSolutionNode = FALSE
	EndGlobalSection
	GlobalSection(ExtensibilityGlobals) = postSolution
		SolutionGuid = {B401B915-3E28-449B-A1EE-244492FFE975}
	EndGlobalSection
EndGlobal
